<Solution>
  <Configurations>
    <Platform Name="Any CPU" />
    <Platform Name="x64" />
    <Platform Name="x86" />
  </Configurations>
  <Folder Name="/src/">
    <Project Path="src/FhirCopilot.Api/FhirCopilot.Api.csproj" />
    <Project Path="src/FhirCopilot.AppHost/FhirCopilot.AppHost.csproj" />
    <Project Path="src/FhirCopilot.ServiceDefaults/FhirCopilot.ServiceDefaults.csproj" />
  </Folder>
  <Folder Name="/tests/">
    <Project Path="tests/FhirCopilot.Api.Tests/FhirCopilot.Api.Tests.csproj" />
  </Folder>
</Solution>
